
Microsoft Visual Studio Solution File, Format Version 12.00
# Visual Studio Version 16
VisualStudioVersion = 16.0.31005.135
MinimumVisualStudioVersion = 10.0.40219.1
Project("{9A19103F-16F7-4668-BE54-9A1E7A4F7556}") = "Data", "Data\Data.csproj", "{17FAF8C7-7E60-4990-8F84-C0D6FA2CDBAE}"
EndProject
Global
	GlobalSection(SolutionConfigurationPlatforms) = preSolution
		Debug|Any CPU = Debug|Any CPU
		Release|Any CPU = Release|Any CPU
	EndGlobalSection
	GlobalSection(ProjectConfigurationPlatforms) = postSolution
		{17FAF8C7-7E60-4990-8F84-C0D6FA2CDBAE}.Debug|Any CPU.ActiveCfg = Debug|Any CPU
		{17FAF8C7-7E60-4990-8F84-C0D6FA2CDBAE}.Debug|Any CPU.Build.0 = Debug|Any CPU
		{17FAF8C7-7E60-4990-8F84-C0D6FA2CDBAE}.Release|Any CPU.ActiveCfg = Release|Any CPU
		{17FAF8C7-7E60-4990-8F84-C0D6FA2CDBAE}.Release|Any CPU.Build.0 = Release|Any CPU
	EndGlobalSection
	GlobalSection(SolutionProperties) = preSolution
		HideSolutionNode = FALSE
	EndGlobalSection
	GlobalSection(ExtensibilityGlobals) = postSolution
		SolutionGuid = {99E8236B-6C39-4ECA-89F3-580DA1616437}
	EndGlobalSection
EndGlobal
